uuid: d5e1c446-ffd7-45ca-a160-d172b3251c06
langcode: en
status: true
dependencies:
  module:
    - newslettersignup
  theme:
    - renew
id: newslettersignupblock
theme: renew
region: footer
weight: -6
provider: null
plugin: newslettersignup_block
settings:
  id: newslettersignup_block
  label: 'Newsletter Signup Block'
  provider: newslettersignup
  label_display: '0'
visibility: {  }
